
Microsoft Visual Studio Solution File, Format Version 12.00
# Visual Studio Version 17
VisualStudioVersion = 17.2.32505.173
MinimumVisualStudioVersion = 10.0.40219.1
Project("{2150E333-8FDC-42A3-9474-1A3956D46DE8}") = "src", "src", "{552A4D02-D599-4610-8DE3-D88A67CD2EBB}"
EndProject
Project("{2150E333-8FDC-42A3-9474-1A3956D46DE8}") = "Api", "Api", "{31EBB602-5787-495F-962B-16092CA780B4}"
EndProject
Project("{2150E333-8FDC-42A3-9474-1A3956D46DE8}") = "Core", "Core", "{18C45D8B-CB87-441B-A69F-2EF8B843F70E}"
EndProject
Project("{FAE04EC0-301F-11D3-BF4B-00C04F79EFBC}") = "SLibrary.Api.Domain", "src\Api\Core\SLibrary.Api.Domain\SLibrary.Api.Domain\SLibrary.Api.Domain.csproj", "{354899E8-D917-4B9F-A77B-B3BFE8F2CA01}"
EndProject
Project("{FAE04EC0-301F-11D3-BF4B-00C04F79EFBC}") = "SLibrary.Application", "src\Api\Core\SLibrary.Application\SLibrary.Application\SLibrary.Application.csproj", "{D0DA41EF-D317-47E6-A0EF-7C3E5D58B375}"
EndProject
Project("{2150E333-8FDC-42A3-9474-1A3956D46DE8}") = "Infrastructure", "Infrastructure", "{707051F0-4851-4923-9DBD-1AF9A87A497E}"
EndProject
Project("{FAE04EC0-301F-11D3-BF4B-00C04F79EFBC}") = "SLibrary.Infrastructure.Persistence", "src\Api\Infrastructure\SLibrary.Infrastructure.Persistence\SLibrary.Infrastructure.Persistence\SLibrary.Infrastructure.Persistence.csproj", "{F7C09761-16EC-4987-9DD5-78218CC117A2}"
EndProject
Project("{2150E333-8FDC-42A3-9474-1A3956D46DE8}") = "WebApi", "WebApi", "{CA2230D4-FD9C-423E-8597-1B02BA5D9668}"
EndProject
Project("{FAE04EC0-301F-11D3-BF4B-00C04F79EFBC}") = "SLibrary.Api.WebApi", "src\Api\WebApi\SLibrary.Api.WebApi\SLibrary.Api.WebApi\SLibrary.Api.WebApi.csproj", "{818E28A5-3A78-4EEB-A06A-C8A081ABA3DC}"
EndProject
Project("{2150E333-8FDC-42A3-9474-1A3956D46DE8}") = "Clients", "Clients", "{54FE58DA-D9CF-4F2C-AEEA-98D097C1222E}"
EndProject
Project("{2150E333-8FDC-42A3-9474-1A3956D46DE8}") = "MvcWeb", "MvcWeb", "{A45AD957-18F8-4599-908B-97B538625E5D}"
EndProject
Project("{FAE04EC0-301F-11D3-BF4B-00C04F79EFBC}") = "SLibrary.WebApp", "src\Clients\MvcWeb\SLibrary.WebApp\SLibrary.WebApp\SLibrary.WebApp.csproj", "{AF4E7630-0BC1-4A1C-800B-757AEDE042FE}"
EndProject
Project("{2150E333-8FDC-42A3-9474-1A3956D46DE8}") = "Common", "Common", "{2BA1D8DC-DF6B-4DAA-A7BA-8D2C71F7D7C6}"
EndProject
Project("{FAE04EC0-301F-11D3-BF4B-00C04F79EFBC}") = "SLibrary.Common", "src\Common\SLibrary.Common\SLibrary.Common\SLibrary.Common.csproj", "{9E2807AC-723C-49FD-B599-F0E1FEF90759}"
EndProject
Global
	GlobalSection(SolutionConfigurationPlatforms) = preSolution
		Debug|Any CPU = Debug|Any CPU
		Release|Any CPU = Release|Any CPU
	EndGlobalSection
	GlobalSection(ProjectConfigurationPlatforms) = postSolution
		{354899E8-D917-4B9F-A77B-B3BFE8F2CA01}.Debug|Any CPU.ActiveCfg = Debug|Any CPU
		{354899E8-D917-4B9F-A77B-B3BFE8F2CA01}.Debug|Any CPU.Build.0 = Debug|Any CPU
		{354899E8-D917-4B9F-A77B-B3BFE8F2CA01}.Release|Any CPU.ActiveCfg = Release|Any CPU
		{354899E8-D917-4B9F-A77B-B3BFE8F2CA01}.Release|Any CPU.Build.0 = Release|Any CPU
		{D0DA41EF-D317-47E6-A0EF-7C3E5D58B375}.Debug|Any CPU.ActiveCfg = Debug|Any CPU
		{D0DA41EF-D317-47E6-A0EF-7C3E5D58B375}.Debug|Any CPU.Build.0 = Debug|Any CPU
		{D0DA41EF-D317-47E6-A0EF-7C3E5D58B375}.Release|Any CPU.ActiveCfg = Release|Any CPU
		{D0DA41EF-D317-47E6-A0EF-7C3E5D58B375}.Release|Any CPU.Build.0 = Release|Any CPU
		{F7C09761-16EC-4987-9DD5-78218CC117A2}.Debug|Any CPU.ActiveCfg = Debug|Any CPU
		{F7C09761-16EC-4987-9DD5-78218CC117A2}.Debug|Any CPU.Build.0 = Debug|Any CPU
		{F7C09761-16EC-4987-9DD5-78218CC117A2}.Release|Any CPU.ActiveCfg = Release|Any CPU
		{F7C09761-16EC-4987-9DD5-78218CC117A2}.Release|Any CPU.Build.0 = Release|Any CPU
		{818E28A5-3A78-4EEB-A06A-C8A081ABA3DC}.Debug|Any CPU.ActiveCfg = Debug|Any CPU
		{818E28A5-3A78-4EEB-A06A-C8A081ABA3DC}.Debug|Any CPU.Build.0 = Debug|Any CPU
		{818E28A5-3A78-4EEB-A06A-C8A081ABA3DC}.Release|Any CPU.ActiveCfg = Release|Any CPU
		{818E28A5-3A78-4EEB-A06A-C8A081ABA3DC}.Release|Any CPU.Build.0 = Release|Any CPU
		{AF4E7630-0BC1-4A1C-800B-757AEDE042FE}.Debug|Any CPU.ActiveCfg = Debug|Any CPU
		{AF4E7630-0BC1-4A1C-800B-757AEDE042FE}.Debug|Any CPU.Build.0 = Debug|Any CPU
		{AF4E7630-0BC1-4A1C-800B-757AEDE042FE}.Release|Any CPU.ActiveCfg = Release|Any CPU
		{AF4E7630-0BC1-4A1C-800B-757AEDE042FE}.Release|Any CPU.Build.0 = Release|Any CPU
		{9E2807AC-723C-49FD-B599-F0E1FEF90759}.Debug|Any CPU.ActiveCfg = Debug|Any CPU
		{9E2807AC-723C-49FD-B599-F0E1FEF90759}.Debug|Any CPU.Build.0 = Debug|Any CPU
		{9E2807AC-723C-49FD-B599-F0E1FEF90759}.Release|Any CPU.ActiveCfg = Release|Any CPU
		{9E2807AC-723C-49FD-B599-F0E1FEF90759}.Release|Any CPU.Build.0 = Release|Any CPU
	EndGlobalSection
	GlobalSection(SolutionProperties) = preSolution
		HideSolutionNode = FALSE
	EndGlobalSection
	GlobalSection(NestedProjects) = preSolution
		{31EBB602-5787-495F-962B-16092CA780B4} = {552A4D02-D599-4610-8DE3-D88A67CD2EBB}
		{18C45D8B-CB87-441B-A69F-2EF8B843F70E} = {31EBB602-5787-495F-962B-16092CA780B4}
		{354899E8-D917-4B9F-A77B-B3BFE8F2CA01} = {18C45D8B-CB87-441B-A69F-2EF8B843F70E}
		{D0DA41EF-D317-47E6-A0EF-7C3E5D58B375} = {18C45D8B-CB87-441B-A69F-2EF8B843F70E}
		{707051F0-4851-4923-9DBD-1AF9A87A497E} = {31EBB602-5787-495F-962B-16092CA780B4}
		{F7C09761-16EC-4987-9DD5-78218CC117A2} = {707051F0-4851-4923-9DBD-1AF9A87A497E}
		{CA2230D4-FD9C-423E-8597-1B02BA5D9668} = {31EBB602-5787-495F-962B-16092CA780B4}
		{818E28A5-3A78-4EEB-A06A-C8A081ABA3DC} = {CA2230D4-FD9C-423E-8597-1B02BA5D9668}
		{54FE58DA-D9CF-4F2C-AEEA-98D097C1222E} = {552A4D02-D599-4610-8DE3-D88A67CD2EBB}
		{A45AD957-18F8-4599-908B-97B538625E5D} = {54FE58DA-D9CF-4F2C-AEEA-98D097C1222E}
		{AF4E7630-0BC1-4A1C-800B-757AEDE042FE} = {A45AD957-18F8-4599-908B-97B538625E5D}
		{2BA1D8DC-DF6B-4DAA-A7BA-8D2C71F7D7C6} = {552A4D02-D599-4610-8DE3-D88A67CD2EBB}
		{9E2807AC-723C-49FD-B599-F0E1FEF90759} = {2BA1D8DC-DF6B-4DAA-A7BA-8D2C71F7D7C6}
	EndGlobalSection
	GlobalSection(ExtensibilityGlobals) = postSolution
		SolutionGuid = {89D260AD-21BC-4DD4-A2DD-D319381CCA98}
	EndGlobalSection
EndGlobal
